
Microsoft Visual Studio Solution File, Format Version 12.00
# Visual Studio 15
VisualStudioVersion = 15.0.28307.645
MinimumVisualStudioVersion = 10.0.40219.1
Project("{888888A0-9F3D-457C-B088-3A5042F75D52}") = "TreeLearning", "TreeLearning.pyproj", "{E898A6EB-C58A-47D5-96A1-7CB26D581A79}"
EndProject
Global
	GlobalSection(SolutionConfigurationPlatforms) = preSolution
		Debug|Any CPU = Debug|Any CPU
		Release|Any CPU = Release|Any CPU
	EndGlobalSection
	GlobalSection(ProjectConfigurationPlatforms) = postSolution
		{E898A6EB-C58A-47D5-96A1-7CB26D581A79}.Debug|Any CPU.ActiveCfg = Debug|Any CPU
		{E898A6EB-C58A-47D5-96A1-7CB26D581A79}.Release|Any CPU.ActiveCfg = Release|Any CPU
	EndGlobalSection
	GlobalSection(SolutionProperties) = preSolution
		HideSolutionNode = FALSE
	EndGlobalSection
	GlobalSection(ExtensibilityGlobals) = postSolution
		SolutionGuid = {03B1B187-E6C0-47E9-997F-A3E06DCEC983}
	EndGlobalSection
EndGlobal
